
Microsoft Visual Studio Solution File, Format Version 12.00
# Visual Studio 15
VisualStudioVersion = 15.0.28307.1022
MinimumVisualStudioVersion = 10.0.40219.1
Project("{888888A0-9F3D-457C-B088-3A5042F75D52}") = "pomulson", "pomulson\pomulson.pyproj", "{29EB76E8-C885-451F-B42C-36D0608D2E32}"
EndProject
Global
	GlobalSection(SolutionConfigurationPlatforms) = preSolution
		Debug|Any CPU = Debug|Any CPU
		Release|Any CPU = Release|Any CPU
	EndGlobalSection
	GlobalSection(ProjectConfigurationPlatforms) = postSolution
		{29EB76E8-C885-451F-B42C-36D0608D2E32}.Debug|Any CPU.ActiveCfg = Debug|Any CPU
		{29EB76E8-C885-451F-B42C-36D0608D2E32}.Release|Any CPU.ActiveCfg = Release|Any CPU
	EndGlobalSection
	GlobalSection(SolutionProperties) = preSolution
		HideSolutionNode = FALSE
	EndGlobalSection
	GlobalSection(ExtensibilityGlobals) = postSolution
		SolutionGuid = {056A53DA-9793-47E6-853B-C1357A8E992B}
	EndGlobalSection
EndGlobal
